
Microsoft Visual Studio Solution File, Format Version 12.00
# Visual Studio 2012
Project("{FAE04EC0-301F-11D3-BF4B-00C04F79EFBC}") = "S-Innovations.Demos.AzureACS.Web", "S-Innovations.Demos.AzureACS.Web\S-Innovations.Demos.AzureACS.Web.csproj", "{233B59D6-C9C2-4B0C-8B8B-CB92A0D56523}"
EndProject
Project("{2150E333-8FDC-42A3-9474-1A3956D46DE8}") = ".nuget", ".nuget", "{D822286A-1CEB-47E8-A8BE-E1E7E7F38D05}"
	ProjectSection(SolutionItems) = preProject
		.nuget\NuGet.Config = .nuget\NuGet.Config
		.nuget\NuGet.exe = .nuget\NuGet.exe
		.nuget\NuGet.targets = .nuget\NuGet.targets
	EndProjectSection
EndProject
Project("{FAE04EC0-301F-11D3-BF4B-00C04F79EFBC}") = "S-Innovations.Demos.AzureACS.Win8StoreApp", "S-Innovations.Demos.AzureACS.Win8StoreApp\S-Innovations.Demos.AzureACS.Win8StoreApp.csproj", "{BEB27B55-3947-4042-9653-B63D132973C9}"
EndProject
Project("{FAE04EC0-301F-11D3-BF4B-00C04F79EFBC}") = "S-Innovations.Security", "S-Innovations.Security\S-Innovations.Security.csproj", "{01C74B36-BE45-4D55-9293-2F2FF622F8E6}"
EndProject
Project("{FAE04EC0-301F-11D3-BF4B-00C04F79EFBC}") = "S-Innovations.WinRT.Identity", "S-Innovations.WinRT.Identity\S-Innovations.WinRT.Identity.csproj", "{6C13B4F2-889B-4EAF-97FB-3260963A65DF}"
EndProject
Project("{FAE04EC0-301F-11D3-BF4B-00C04F79EFBC}") = "S-Innovations.Demos.FacebookIdentity", "S-Innovations.Demos.FacebookIdentity\S-Innovations.Demos.FacebookIdentity.csproj", "{2427B9F6-0AA6-4DFB-A088-204BA93ED28B}"
EndProject
Global
	GlobalSection(SolutionConfigurationPlatforms) = preSolution
		Analysis (Debug)|Any CPU = Analysis (Debug)|Any CPU
		Analysis (Debug)|ARM = Analysis (Debug)|ARM
		Analysis (Debug)|x64 = Analysis (Debug)|x64
		Analysis (Debug)|x86 = Analysis (Debug)|x86
		Debug and Contracts|Any CPU = Debug and Contracts|Any CPU
		Debug and Contracts|ARM = Debug and Contracts|ARM
		Debug and Contracts|x64 = Debug and Contracts|x64
		Debug and Contracts|x86 = Debug and Contracts|x86
		Debug|Any CPU = Debug|Any CPU
		Debug|ARM = Debug|ARM
		Debug|x64 = Debug|x64
		Debug|x86 = Debug|x86
		Release|Any CPU = Release|Any CPU
		Release|ARM = Release|ARM
		Release|x64 = Release|x64
		Release|x86 = Release|x86
	EndGlobalSection
	GlobalSection(ProjectConfigurationPlatforms) = postSolution
		{233B59D6-C9C2-4B0C-8B8B-CB92A0D56523}.Analysis (Debug)|Any CPU.ActiveCfg = Debug|Any CPU
		{233B59D6-C9C2-4B0C-8B8B-CB92A0D56523}.Analysis (Debug)|Any CPU.Build.0 = Debug|Any CPU
		{233B59D6-C9C2-4B0C-8B8B-CB92A0D56523}.Analysis (Debug)|ARM.ActiveCfg = Debug|Any CPU
		{233B59D6-C9C2-4B0C-8B8B-CB92A0D56523}.Analysis (Debug)|x64.ActiveCfg = Debug|Any CPU
		{233B59D6-C9C2-4B0C-8B8B-CB92A0D56523}.Analysis (Debug)|x86.ActiveCfg = Debug|Any CPU
		{233B59D6-C9C2-4B0C-8B8B-CB92A0D56523}.Debug and Contracts|Any CPU.ActiveCfg = Debug|Any CPU
		{233B59D6-C9C2-4B0C-8B8B-CB92A0D56523}.Debug and Contracts|Any CPU.Build.0 = Debug|Any CPU
		{233B59D6-C9C2-4B0C-8B8B-CB92A0D56523}.Debug and Contracts|ARM.ActiveCfg = Debug|Any CPU
		{233B59D6-C9C2-4B0C-8B8B-CB92A0D56523}.Debug and Contracts|x64.ActiveCfg = Debug|Any CPU
		{233B59D6-C9C2-4B0C-8B8B-CB92A0D56523}.Debug and Contracts|x86.ActiveCfg = Debug|Any CPU
		{233B59D6-C9C2-4B0C-8B8B-CB92A0D56523}.Debug|Any CPU.ActiveCfg = Debug|Any CPU
		{233B59D6-C9C2-4B0C-8B8B-CB92A0D56523}.Debug|Any CPU.Build.0 = Debug|Any CPU
		{233B59D6-C9C2-4B0C-8B8B-CB92A0D56523}.Debug|ARM.ActiveCfg = Debug|Any CPU
		{233B59D6-C9C2-4B0C-8B8B-CB92A0D56523}.Debug|x64.ActiveCfg = Debug|Any CPU
		{233B59D6-C9C2-4B0C-8B8B-CB92A0D56523}.Debug|x86.ActiveCfg = Debug|Any CPU
		{233B59D6-C9C2-4B0C-8B8B-CB92A0D56523}.Release|Any CPU.ActiveCfg = Release|Any CPU
		{233B59D6-C9C2-4B0C-8B8B-CB92A0D56523}.Release|Any CPU.Build.0 = Release|Any CPU
		{233B59D6-C9C2-4B0C-8B8B-CB92A0D56523}.Release|ARM.ActiveCfg = Release|Any CPU
		{233B59D6-C9C2-4B0C-8B8B-CB92A0D56523}.Release|x64.ActiveCfg = Release|Any CPU
		{233B59D6-C9C2-4B0C-8B8B-CB92A0D56523}.Release|x86.ActiveCfg = Release|Any CPU
		{BEB27B55-3947-4042-9653-B63D132973C9}.Analysis (Debug)|Any CPU.ActiveCfg = Debug|Any CPU
		{BEB27B55-3947-4042-9653-B63D132973C9}.Analysis (Debug)|Any CPU.Build.0 = Debug|Any CPU
		{BEB27B55-3947-4042-9653-B63D132973C9}.Analysis (Debug)|Any CPU.Deploy.0 = Debug|Any CPU
		{BEB27B55-3947-4042-9653-B63D132973C9}.Analysis (Debug)|ARM.ActiveCfg = Debug|ARM
		{BEB27B55-3947-4042-9653-B63D132973C9}.Analysis (Debug)|ARM.Build.0 = Debug|ARM
		{BEB27B55-3947-4042-9653-B63D132973C9}.Analysis (Debug)|ARM.Deploy.0 = Debug|ARM
		{BEB27B55-3947-4042-9653-B63D132973C9}.Analysis (Debug)|x64.ActiveCfg = Debug|x64
		{BEB27B55-3947-4042-9653-B63D132973C9}.Analysis (Debug)|x64.Build.0 = Debug|x64
		{BEB27B55-3947-4042-9653-B63D132973C9}.Analysis (Debug)|x64.Deploy.0 = Debug|x64
		{BEB27B55-3947-4042-9653-B63D132973C9}.Analysis (Debug)|x86.ActiveCfg = Debug|x86
		{BEB27B55-3947-4042-9653-B63D132973C9}.Analysis (Debug)|x86.Build.0 = Debug|x86
		{BEB27B55-3947-4042-9653-B63D132973C9}.Analysis (Debug)|x86.Deploy.0 = Debug|x86
		{BEB27B55-3947-4042-9653-B63D132973C9}.Debug and Contracts|Any CPU.ActiveCfg = Debug|Any CPU
		{BEB27B55-3947-4042-9653-B63D132973C9}.Debug and Contracts|Any CPU.Build.0 = Debug|Any CPU
		{BEB27B55-3947-4042-9653-B63D132973C9}.Debug and Contracts|Any CPU.Deploy.0 = Debug|Any CPU
		{BEB27B55-3947-4042-9653-B63D132973C9}.Debug and Contracts|ARM.ActiveCfg = Debug|ARM
		{BEB27B55-3947-4042-9653-B63D132973C9}.Debug and Contracts|ARM.Build.0 = Debug|ARM
		{BEB27B55-3947-4042-9653-B63D132973C9}.Debug and Contracts|ARM.Deploy.0 = Debug|ARM
		{BEB27B55-3947-4042-9653-B63D132973C9}.Debug and Contracts|x64.ActiveCfg = Debug|x64
		{BEB27B55-3947-4042-9653-B63D132973C9}.Debug and Contracts|x64.Build.0 = Debug|x64
		{BEB27B55-3947-4042-9653-B63D132973C9}.Debug and Contracts|x64.Deploy.0 = Debug|x64
		{BEB27B55-3947-4042-9653-B63D132973C9}.Debug and Contracts|x86.ActiveCfg = Debug|x86
		{BEB27B55-3947-4042-9653-B63D132973C9}.Debug and Contracts|x86.Build.0 = Debug|x86
		{BEB27B55-3947-4042-9653-B63D132973C9}.Debug and Contracts|x86.Deploy.0 = Debug|x86
		{BEB27B55-3947-4042-9653-B63D132973C9}.Debug|Any CPU.ActiveCfg = Debug|Any CPU
		{BEB27B55-3947-4042-9653-B63D132973C9}.Debug|Any CPU.Build.0 = Debug|Any CPU
		{BEB27B55-3947-4042-9653-B63D132973C9}.Debug|Any CPU.Deploy.0 = Debug|Any CPU
		{BEB27B55-3947-4042-9653-B63D132973C9}.Debug|ARM.ActiveCfg = Debug|ARM
		{BEB27B55-3947-4042-9653-B63D132973C9}.Debug|ARM.Build.0 = Debug|ARM
		{BEB27B55-3947-4042-9653-B63D132973C9}.Debug|ARM.Deploy.0 = Debug|ARM
		{BEB27B55-3947-4042-9653-B63D132973C9}.Debug|x64.ActiveCfg = Debug|x64
		{BEB27B55-3947-4042-9653-B63D132973C9}.Debug|x64.Build.0 = Debug|x64
		{BEB27B55-3947-4042-9653-B63D132973C9}.Debug|x64.Deploy.0 = Debug|x64
		{BEB27B55-3947-4042-9653-B63D132973C9}.Debug|x86.ActiveCfg = Debug|x86
		{BEB27B55-3947-4042-9653-B63D132973C9}.Debug|x86.Build.0 = Debug|x86
		{BEB27B55-3947-4042-9653-B63D132973C9}.Debug|x86.Deploy.0 = Debug|x86
		{BEB27B55-3947-4042-9653-B63D132973C9}.Release|Any CPU.ActiveCfg = Release|Any CPU
		{BEB27B55-3947-4042-9653-B63D132973C9}.Release|Any CPU.Build.0 = Release|Any CPU
		{BEB27B55-3947-4042-9653-B63D132973C9}.Release|Any CPU.Deploy.0 = Release|Any CPU
		{BEB27B55-3947-4042-9653-B63D132973C9}.Release|ARM.ActiveCfg = Release|ARM
		{BEB27B55-3947-4042-9653-B63D132973C9}.Release|ARM.Build.0 = Release|ARM
		{BEB27B55-3947-4042-9653-B63D132973C9}.Release|ARM.Deploy.0 = Release|ARM
		{BEB27B55-3947-4042-9653-B63D132973C9}.Release|x64.ActiveCfg = Release|x64
		{BEB27B55-3947-4042-9653-B63D132973C9}.Release|x64.Build.0 = Release|x64
		{BEB27B55-3947-4042-9653-B63D132973C9}.Release|x64.Deploy.0 = Release|x64
		{BEB27B55-3947-4042-9653-B63D132973C9}.Release|x86.ActiveCfg = Release|x86
		{BEB27B55-3947-4042-9653-B63D132973C9}.Release|x86.Build.0 = Release|x86
		{BEB27B55-3947-4042-9653-B63D132973C9}.Release|x86.Deploy.0 = Release|x86
		{01C74B36-BE45-4D55-9293-2F2FF622F8E6}.Analysis (Debug)|Any CPU.ActiveCfg = Debug|Any CPU
		{01C74B36-BE45-4D55-9293-2F2FF622F8E6}.Analysis (Debug)|Any CPU.Build.0 = Debug|Any CPU
		{01C74B36-BE45-4D55-9293-2F2FF622F8E6}.Analysis (Debug)|ARM.ActiveCfg = Debug|Any CPU
		{01C74B36-BE45-4D55-9293-2F2FF622F8E6}.Analysis (Debug)|x64.ActiveCfg = Debug|Any CPU
		{01C74B36-BE45-4D55-9293-2F2FF622F8E6}.Analysis (Debug)|x86.ActiveCfg = Debug|Any CPU
		{01C74B36-BE45-4D55-9293-2F2FF622F8E6}.Debug and Contracts|Any CPU.ActiveCfg = Debug|Any CPU
		{01C74B36-BE45-4D55-9293-2F2FF622F8E6}.Debug and Contracts|Any CPU.Build.0 = Debug|Any CPU
		{01C74B36-BE45-4D55-9293-2F2FF622F8E6}.Debug and Contracts|ARM.ActiveCfg = Debug|Any CPU
		{01C74B36-BE45-4D55-9293-2F2FF622F8E6}.Debug and Contracts|x64.ActiveCfg = Debug|Any CPU
		{01C74B36-BE45-4D55-9293-2F2FF622F8E6}.Debug and Contracts|x86.ActiveCfg = Debug|Any CPU
		{01C74B36-BE45-4D55-9293-2F2FF622F8E6}.Debug|Any CPU.ActiveCfg = Debug|Any CPU
		{01C74B36-BE45-4D55-9293-2F2FF622F8E6}.Debug|Any CPU.Build.0 = Debug|Any CPU
		{01C74B36-BE45-4D55-9293-2F2FF622F8E6}.Debug|ARM.ActiveCfg = Debug|Any CPU
		{01C74B36-BE45-4D55-9293-2F2FF622F8E6}.Debug|x64.ActiveCfg = Debug|Any CPU
		{01C74B36-BE45-4D55-9293-2F2FF622F8E6}.Debug|x86.ActiveCfg = Debug|Any CPU
		{01C74B36-BE45-4D55-9293-2F2FF622F8E6}.Release|Any CPU.ActiveCfg = Release|Any CPU
		{01C74B36-BE45-4D55-9293-2F2FF622F8E6}.Release|Any CPU.Build.0 = Release|Any CPU
		{01C74B36-BE45-4D55-9293-2F2FF622F8E6}.Release|ARM.ActiveCfg = Release|Any CPU
		{01C74B36-BE45-4D55-9293-2F2FF622F8E6}.Release|x64.ActiveCfg = Release|Any CPU
		{01C74B36-BE45-4D55-9293-2F2FF622F8E6}.Release|x86.ActiveCfg = Release|Any CPU
		{6C13B4F2-889B-4EAF-97FB-3260963A65DF}.Analysis (Debug)|Any CPU.ActiveCfg = Debug|Any CPU
		{6C13B4F2-889B-4EAF-97FB-3260963A65DF}.Analysis (Debug)|Any CPU.Build.0 = Debug|Any CPU
		{6C13B4F2-889B-4EAF-97FB-3260963A65DF}.Analysis (Debug)|ARM.ActiveCfg = Debug|ARM
		{6C13B4F2-889B-4EAF-97FB-3260963A65DF}.Analysis (Debug)|ARM.Build.0 = Debug|ARM
		{6C13B4F2-889B-4EAF-97FB-3260963A65DF}.Analysis (Debug)|x64.ActiveCfg = Debug|x64
		{6C13B4F2-889B-4EAF-97FB-3260963A65DF}.Analysis (Debug)|x64.Build.0 = Debug|x64
		{6C13B4F2-889B-4EAF-97FB-3260963A65DF}.Analysis (Debug)|x86.ActiveCfg = Debug|x86
		{6C13B4F2-889B-4EAF-97FB-3260963A65DF}.Analysis (Debug)|x86.Build.0 = Debug|x86
		{6C13B4F2-889B-4EAF-97FB-3260963A65DF}.Debug and Contracts|Any CPU.ActiveCfg = Debug|Any CPU
		{6C13B4F2-889B-4EAF-97FB-3260963A65DF}.Debug and Contracts|Any CPU.Build.0 = Debug|Any CPU
		{6C13B4F2-889B-4EAF-97FB-3260963A65DF}.Debug and Contracts|ARM.ActiveCfg = Debug|ARM
		{6C13B4F2-889B-4EAF-97FB-3260963A65DF}.Debug and Contracts|ARM.Build.0 = Debug|ARM
		{6C13B4F2-889B-4EAF-97FB-3260963A65DF}.Debug and Contracts|x64.ActiveCfg = Debug|x64
		{6C13B4F2-889B-4EAF-97FB-3260963A65DF}.Debug and Contracts|x64.Build.0 = Debug|x64
		{6C13B4F2-889B-4EAF-97FB-3260963A65DF}.Debug and Contracts|x86.ActiveCfg = Debug|x86
		{6C13B4F2-889B-4EAF-97FB-3260963A65DF}.Debug and Contracts|x86.Build.0 = Debug|x86
		{6C13B4F2-889B-4EAF-97FB-3260963A65DF}.Debug|Any CPU.ActiveCfg = Debug|Any CPU
		{6C13B4F2-889B-4EAF-97FB-3260963A65DF}.Debug|Any CPU.Build.0 = Debug|Any CPU
		{6C13B4F2-889B-4EAF-97FB-3260963A65DF}.Debug|ARM.ActiveCfg = Debug|ARM
		{6C13B4F2-889B-4EAF-97FB-3260963A65DF}.Debug|ARM.Build.0 = Debug|ARM
		{6C13B4F2-889B-4EAF-97FB-3260963A65DF}.Debug|x64.ActiveCfg = Debug|x64
		{6C13B4F2-889B-4EAF-97FB-3260963A65DF}.Debug|x64.Build.0 = Debug|x64
		{6C13B4F2-889B-4EAF-97FB-3260963A65DF}.Debug|x86.ActiveCfg = Debug|x86
		{6C13B4F2-889B-4EAF-97FB-3260963A65DF}.Debug|x86.Build.0 = Debug|x86
		{6C13B4F2-889B-4EAF-97FB-3260963A65DF}.Release|Any CPU.ActiveCfg = Release|Any CPU
		{6C13B4F2-889B-4EAF-97FB-3260963A65DF}.Release|Any CPU.Build.0 = Release|Any CPU
		{6C13B4F2-889B-4EAF-97FB-3260963A65DF}.Release|ARM.ActiveCfg = Release|ARM
		{6C13B4F2-889B-4EAF-97FB-3260963A65DF}.Release|ARM.Build.0 = Release|ARM
		{6C13B4F2-889B-4EAF-97FB-3260963A65DF}.Release|x64.ActiveCfg = Release|x64
		{6C13B4F2-889B-4EAF-97FB-3260963A65DF}.Release|x64.Build.0 = Release|x64
		{6C13B4F2-889B-4EAF-97FB-3260963A65DF}.Release|x86.ActiveCfg = Release|x86
		{6C13B4F2-889B-4EAF-97FB-3260963A65DF}.Release|x86.Build.0 = Release|x86
		{2427B9F6-0AA6-4DFB-A088-204BA93ED28B}.Analysis (Debug)|Any CPU.ActiveCfg = Debug|Any CPU
		{2427B9F6-0AA6-4DFB-A088-204BA93ED28B}.Analysis (Debug)|Any CPU.Build.0 = Debug|Any CPU
		{2427B9F6-0AA6-4DFB-A088-204BA93ED28B}.Analysis (Debug)|ARM.ActiveCfg = Debug|ARM
		{2427B9F6-0AA6-4DFB-A088-204BA93ED28B}.Analysis (Debug)|ARM.Build.0 = Debug|ARM
		{2427B9F6-0AA6-4DFB-A088-204BA93ED28B}.Analysis (Debug)|x64.ActiveCfg = Debug|x64
		{2427B9F6-0AA6-4DFB-A088-204BA93ED28B}.Analysis (Debug)|x64.Build.0 = Debug|x64
		{2427B9F6-0AA6-4DFB-A088-204BA93ED28B}.Analysis (Debug)|x86.ActiveCfg = Debug|x86
		{2427B9F6-0AA6-4DFB-A088-204BA93ED28B}.Analysis (Debug)|x86.Build.0 = Debug|x86
		{2427B9F6-0AA6-4DFB-A088-204BA93ED28B}.Debug and Contracts|Any CPU.ActiveCfg = Debug|Any CPU
		{2427B9F6-0AA6-4DFB-A088-204BA93ED28B}.Debug and Contracts|Any CPU.Build.0 = Debug|Any CPU
		{2427B9F6-0AA6-4DFB-A088-204BA93ED28B}.Debug and Contracts|ARM.ActiveCfg = Debug|ARM
		{2427B9F6-0AA6-4DFB-A088-204BA93ED28B}.Debug and Contracts|ARM.Build.0 = Debug|ARM
		{2427B9F6-0AA6-4DFB-A088-204BA93ED28B}.Debug and Contracts|x64.ActiveCfg = Debug|x64
		{2427B9F6-0AA6-4DFB-A088-204BA93ED28B}.Debug and Contracts|x64.Build.0 = Debug|x64
		{2427B9F6-0AA6-4DFB-A088-204BA93ED28B}.Debug and Contracts|x86.ActiveCfg = Debug|x86
		{2427B9F6-0AA6-4DFB-A088-204BA93ED28B}.Debug and Contracts|x86.Build.0 = Debug|x86
		{2427B9F6-0AA6-4DFB-A088-204BA93ED28B}.Debug|Any CPU.ActiveCfg = Debug|Any CPU
		{2427B9F6-0AA6-4DFB-A088-204BA93ED28B}.Debug|Any CPU.Build.0 = Debug|Any CPU
		{2427B9F6-0AA6-4DFB-A088-204BA93ED28B}.Debug|ARM.ActiveCfg = Debug|ARM
		{2427B9F6-0AA6-4DFB-A088-204BA93ED28B}.Debug|ARM.Build.0 = Debug|ARM
		{2427B9F6-0AA6-4DFB-A088-204BA93ED28B}.Debug|x64.ActiveCfg = Debug|x64
		{2427B9F6-0AA6-4DFB-A088-204BA93ED28B}.Debug|x64.Build.0 = Debug|x64
		{2427B9F6-0AA6-4DFB-A088-204BA93ED28B}.Debug|x86.ActiveCfg = Debug|x86
		{2427B9F6-0AA6-4DFB-A088-204BA93ED28B}.Debug|x86.Build.0 = Debug|x86
		{2427B9F6-0AA6-4DFB-A088-204BA93ED28B}.Release|Any CPU.ActiveCfg = Release|Any CPU
		{2427B9F6-0AA6-4DFB-A088-204BA93ED28B}.Release|Any CPU.Build.0 = Release|Any CPU
		{2427B9F6-0AA6-4DFB-A088-204BA93ED28B}.Release|ARM.ActiveCfg = Release|ARM
		{2427B9F6-0AA6-4DFB-A088-204BA93ED28B}.Release|ARM.Build.0 = Release|ARM
		{2427B9F6-0AA6-4DFB-A088-204BA93ED28B}.Release|x64.ActiveCfg = Release|x64
		{2427B9F6-0AA6-4DFB-A088-204BA93ED28B}.Release|x64.Build.0 = Release|x64
		{2427B9F6-0AA6-4DFB-A088-204BA93ED28B}.Release|x86.ActiveCfg = Release|x86
		{2427B9F6-0AA6-4DFB-A088-204BA93ED28B}.Release|x86.Build.0 = Release|x86
	EndGlobalSection
	GlobalSection(SolutionProperties) = preSolution
		HideSolutionNode = FALSE
	EndGlobalSection
EndGlobal
